
Microsoft Visual Studio Solution File, Format Version 12.00
# Visual Studio Version 17
VisualStudioVersion = 17.0.31903.59
MinimumVisualStudioVersion = 10.0.40219.1
Project("{FAE04EC0-301F-11D3-BF4B-00C04F79EFBC}") = "APIMINIMADIO", "API\APIMINIMADIO.csproj", "{C000B42B-9101-4227-B483-11B3A2BFF5F1}"
EndProject
Project("{FAE04EC0-301F-11D3-BF4B-00C04F79EFBC}") = "Test", "Test\Test.csproj", "{6FBA7F25-9A9B-4918-BC3B-9C8D11972C5B}"
EndProject
Global
	GlobalSection(SolutionConfigurationPlatforms) = preSolution
		Debug|Any CPU = Debug|Any CPU
		Release|Any CPU = Release|Any CPU
	EndGlobalSection
	GlobalSection(SolutionProperties) = preSolution
		HideSolutionNode = FALSE
	EndGlobalSection
	GlobalSection(ProjectConfigurationPlatforms) = postSolution
		{C000B42B-9101-4227-B483-11B3A2BFF5F1}.Debug|Any CPU.ActiveCfg = Debug|Any CPU
		{C000B42B-9101-4227-B483-11B3A2BFF5F1}.Debug|Any CPU.Build.0 = Debug|Any CPU
		{C000B42B-9101-4227-B483-11B3A2BFF5F1}.Release|Any CPU.ActiveCfg = Release|Any CPU
		{C000B42B-9101-4227-B483-11B3A2BFF5F1}.Release|Any CPU.Build.0 = Release|Any CPU
		{6FBA7F25-9A9B-4918-BC3B-9C8D11972C5B}.Debug|Any CPU.ActiveCfg = Debug|Any CPU
		{6FBA7F25-9A9B-4918-BC3B-9C8D11972C5B}.Debug|Any CPU.Build.0 = Debug|Any CPU
		{6FBA7F25-9A9B-4918-BC3B-9C8D11972C5B}.Release|Any CPU.ActiveCfg = Release|Any CPU
		{6FBA7F25-9A9B-4918-BC3B-9C8D11972C5B}.Release|Any CPU.Build.0 = Release|Any CPU
	EndGlobalSection
EndGlobal
